Microsoft Visual Studio Solution File, Format Version 11.00
# Visual Studio 16
Project("{FAE04EC0-301F-11D3-BF4B-00C04F79EFBC}") = "DXGrid_DisplayTotals", "DXGrid_DisplayTotals\DXGrid_DisplayTotals.Net5.csproj", "{873CE9D0-FF2A-4E83-87BE-A697EAB8C553}"
EndProject
Global
	GlobalSection(SolutionConfigurationPlatforms) = preSolution
		Debug|Any CPU = Debug|Any CPU
		Release|Any CPU = Release|Any CPU
	EndGlobalSection
	GlobalSection(ProjectConfigurationPlatforms) = postSolution
		{873CE9D0-FF2A-4E83-87BE-A697EAB8C553}.Debug|Any CPU.ActiveCfg = Debug|Any CPU
		{873CE9D0-FF2A-4E83-87BE-A697EAB8C553}.Debug|Any CPU.Build.0 = Debug|Any CPU
		{873CE9D0-FF2A-4E83-87BE-A697EAB8C553}.Release|Any CPU.ActiveCfg = Release|Any CPU
		{873CE9D0-FF2A-4E83-87BE-A697EAB8C553}.Release|Any CPU.Build.0 = Release|Any CPU
	EndGlobalSection
	GlobalSection(SolutionProperties) = preSolution
		HideSolutionNode = FALSE
	EndGlobalSection
EndGlobal
